// !$*UTF8*$!
{
	archiveVersion = 1;
	classes = {
	};
	objectVersion = 46;
	objects = {

/* Begin PBXBuildFile section */
		9F0001431CE50733009529E2 /* AppDelegate.swift in Sources */ = {isa = PBXBuildFile; fileRef = 9F0001421CE50733009529E2 /* AppDelegate.swift */; };
		9F0001451CE50733009529E2 /* ViewController.swift in Sources */ = {isa = PBXBuildFile; fileRef = 9F0001441CE50733009529E2 /* ViewController.swift */; };
		9F0001481CE50733009529E2 /* Main.storyboard in Resources */ = {isa = PBXBuildFile; fileRef = 9F0001461CE50733009529E2 /* Main.storyboard */; };
		9F00014A1CE50733009529E2 /* Assets.xcassets in Resources */ = {isa = PBXBuildFile; fileRef = 9F0001491CE50733009529E2 /* Assets.xcassets */; };
		9F00014D1CE50733009529E2 /* LaunchScreen.storyboard in Resources */ = {isa = PBXBuildFile; fileRef = 9F00014B1CE50733009529E2 /* LaunchScreen.storyboard */; };
		9F0001581CE50733009529E2 /* BugTestTests.swift in Sources */ = {isa = PBXBuildFile; fileRef = 9F0001571CE50733009529E2 /* BugTestTests.swift */; };
		9F0001631CE5075D009529E2 /* FTPInterface.swift in Sources */ = {isa = PBXBuildFile; fileRef = 9F0001621CE5075D009529E2 /* FTPInterface.swift */; };
		9F0001651CE50776009529E2 /* NMSSH.framework in Frameworks */ = {isa = PBXBuildFile; fileRef = 9F0001641CE50776009529E2 /* NMSSH.framework */; };
/* End PBXBuildFile section */

/* Begin PBXContainerItemProxy section */
		9F0001541CE50733009529E2 /* PBXContainerItemProxy */ = {
			isa = PBXContainerItemProxy;
			containerPortal = 9F0001371CE50732009529E2 /* Project object */;
			proxyType = 1;
			remoteGlobalIDString = 9F00013E1CE50732009529E2;
			remoteInfo = BugTest;
		};
/* End PBXContainerItemProxy section */

/* Begin PBXFileReference section */
		9F00013F1CE50732009529E2 /* BugTest.app */ = {isa = PBXFileReference; explicitFileType = wrapper.application; includeInIndex = 0; path = BugTest.app; sourceTree = BUILT_PRODUCTS_DIR; };
		9F0001421CE50733009529E2 /* AppDelegate.swift */ = {isa = PBXFileReference; lastKnownFileType = sourcecode.swift; path = AppDelegate.swift; sourceTree = "<group>"; };
		9F0001441CE50733009529E2 /* ViewController.swift */ = {isa = PBXFileReference; lastKnownFileType = sourcecode.swift; path = ViewController.swift; sourceTree = "<group>"; };
		9F0001471CE50733009529E2 /* Base */ = {isa = PBXFileReference; lastKnownFileType = file.storyboard; name = Base; path = Base.lproj/Main.storyboard; sourceTree = "<group>"; };
		9F0001491CE50733009529E2 /* Assets.xcassets */ = {isa = PBXFileReference; lastKnownFileType = folder.assetcatalog; path = Assets.xcassets; sourceTree = "<group>"; };
		9F00014C1CE50733009529E2 /* Base */ = {isa = PBXFileReference; lastKnownFileType = file.storyboard; name = Base; path = Base.lproj/LaunchScreen.storyboard; sourceTree = "<group>"; };
		9F00014E1CE50733009529E2 /* Info.plist */ = {isa = PBXFileReference; lastKnownFileType = text.plist.xml; path = Info.plist; sourceTree = "<group>"; };
		9F0001531CE50733009529E2 /* BugTestTests.xctest */ = {isa = PBXFileReference; explicitFileType = wrapper.cfbundle; includeInIndex = 0; path = BugTestTests.xctest; sourceTree = BUILT_PRODUCTS_DIR; };
		9F0001571CE50733009529E2 /* BugTestTests.swift */ = {isa = PBXFileReference; lastKnownFileType = sourcecode.swift; path = BugTestTests.swift; sourceTree = "<group>"; };
		9F0001591CE50733009529E2 /* Info.plist */ = {isa = PBXFileReference; lastKnownFileType = text.plist.xml; path = Info.plist; sourceTree = "<group>"; };
		9F0001621CE5075D009529E2 /* FTPInterface.swift */ = {isa = PBXFileReference; fileEncoding = 4; lastKnownFileType = sourcecode.swift; path = FTPInterface.swift; sourceTree = "<group>"; };
		9F0001641CE50776009529E2 /* NMSSH.framework */ = {isa = PBXFileReference; lastKnownFileType = wrapper.framework; name = NMSSH.framework; path = Carthage/Build/iOS/NMSSH.framework; sourceTree = "<group>"; };
/* End PBXFileReference section */

/* Begin PBXFrameworksBuildPhase section */
		9F00013C1CE50732009529E2 /* Frameworks */ = {
			isa = PBXFrameworksBuildPhase;
			buildActionMask = 2147483647;
			files = (
				9F0001651CE50776009529E2 /* NMSSH.framework in Frameworks */,
			);
			runOnlyForDeploymentPostprocessing = 0;
		};
		9F0001501CE50733009529E2 /* Frameworks */ = {
			isa = PBXFrameworksBuildPhase;
			buildActionMask = 2147483647;
			files = (
			);
			runOnlyForDeploymentPostprocessing = 0;
		};
/* End PBXFrameworksBuildPhase section */

/* Begin PBXGroup section */
		9F0001361CE50732009529E2 = {
			isa = PBXGroup;
			children = (
				9F0001641CE50776009529E2 /* NMSSH.framework */,
				9F0001411CE50733009529E2 /* BugTest */,
				9F0001561CE50733009529E2 /* BugTestTests */,
				9F0001401CE50732009529E2 /* Products */,
			);
			sourceTree = "<group>";
		};
		9F0001401CE50732009529E2 /* Products */ = {
			isa = PBXGroup;
			children = (
				9F00013F1CE50732009529E2 /* BugTest.app */,
				9F0001531CE50733009529E2 /* BugTestTests.xctest */,
			);
			name = Products;
			sourceTree = "<group>";
		};
		9F0001411CE50733009529E2 /* BugTest */ = {
			isa = PBXGroup;
			children = (
				9F0001421CE50733009529E2 /* AppDelegate.swift */,
				9F0001441CE50733009529E2 /* ViewController.swift */,
				9F0001461CE50733009529E2 /* Main.storyboard */,
				9F0001491CE50733009529E2 /* Assets.xcassets */,
				9F00014B1CE50733009529E2 /* LaunchScreen.storyboard */,
				9F00014E1CE50733009529E2 /* Info.plist */,
				9F0001621CE5075D009529E2 /* FTPInterface.swift */,
			);
			path = BugTest;
			sourceTree = "<group>";
		};
		9F0001561CE50733009529E2 /* BugTestTests */ = {
			isa = PBXGroup;
			children = (
				9F0001571CE50733009529E2 /* BugTestTests.swift */,
				9F0001591CE50733009529E2 /* Info.plist */,
			);
			path = BugTestTests;
			sourceTree = "<group>";
		};
/* End PBXGroup section */

/* Begin PBXNativeTarget section */
		9F00013E1CE50732009529E2 /* BugTest */ = {
			isa = PBXNativeTarget;
			buildConfigurationList = 9F00015C1CE50733009529E2 /* Build configuration list for PBXNativeTarget "BugTest" */;
			buildPhases = (
				9F00013B1CE50732009529E2 /* Sources */,
				9F00013C1CE50732009529E2 /* Frameworks */,
				9F00013D1CE50732009529E2 /* Resources */,
				9F0001661CE507D1009529E2 /* ShellScript */,
			);
			buildRules = (
			);
			dependencies = (
			);
			name = BugTest;
			productName = BugTest;
			productReference = 9F00013F1CE50732009529E2 /* BugTest.app */;
			productType = "com.apple.product-type.application";
		};
		9F0001521CE50733009529E2 /* BugTestTests */ = {
			isa = PBXNativeTarget;
			buildConfigurationList = 9F00015F1CE50733009529E2 /* Build configuration list for PBXNativeTarget "BugTestTests" */;
			buildPhases = (
				9F00014F1CE50733009529E2 /* Sources */,
				9F0001501CE50733009529E2 /* Frameworks */,
				9F0001511CE50733009529E2 /* Resources */,
			);
			buildRules = (
			);
			dependencies = (
				9F0001551CE50733009529E2 /* PBXTargetDependency */,
			);
			name = BugTestTests;
			productName = BugTestTests;
			productReference = 9F0001531CE50733009529E2 /* BugTestTests.xctest */;
			productType = "com.apple.product-type.bundle.unit-test";
		};
/* End PBXNativeTarget section */

/* Begin PBXProject section */
		9F0001371CE50732009529E2 /* Project object */ = {
			isa = PBXProject;
			attributes = {
				LastSwiftUpdateCheck = 0730;
				LastUpgradeCheck = 0730;
				ORGANIZATIONNAME = Jeff;
				TargetAttributes = {
					9F00013E1CE50732009529E2 = {
						CreatedOnToolsVersion = 7.3.1;
					};
					9F0001521CE50733009529E2 = {
						CreatedOnToolsVersion = 7.3.1;
						TestTargetID = 9F00013E1CE50732009529E2;
					};
				};
			};
			buildConfigurationList = 9F00013A1CE50732009529E2 /* Build configuration list for PBXProject "BugTest" */;
			compatibilityVersion = "Xcode 3.2";
			developmentRegion = English;
			hasScannedForEncodings = 0;
			knownRegions = (
				en,
				Base,
			);
			mainGroup = 9F0001361CE50732009529E2;
			productRefGroup = 9F0001401CE50732009529E2 /* Products */;
			projectDirPath = "";
			projectRoot = "";
			targets = (
				9F00013E1CE50732009529E2 /* BugTest */,
				9F0001521CE50733009529E2 /* BugTestTests */,
			);
		};
/* End PBXProject section */

/* Begin PBXResourcesBuildPhase section */
		9F00013D1CE50732009529E2 /* Resources */ = {
			isa = PBXResourcesBuildPhase;
			buildActionMask = 2147483647;
			files = (
				9F00014D1CE50733009529E2 /* LaunchScreen.storyboard in Resources */,
				9F00014A1CE50733009529E2 /* Assets.xcassets in Resources */,
				9F0001481CE50733009529E2 /* Main.storyboard in Resources */,
			);
			runOnlyForDeploymentPostprocessing = 0;
		};
		9F0001511CE50733009529E2 /* Resources */ = {
			isa = PBXResourcesBuildPhase;
			buildActionMask = 2147483647;
			files = (
			);
			runOnlyForDeploymentPostprocessing = 0;
		};
/* End PBXResourcesBuildPhase section */

/* Begin PBXShellScriptBuildPhase section */
		9F0001661CE507D1009529E2 /* ShellScript */ = {
			isa = PBXShellScriptBuildPhase;
			buildActionMask = 2147483647;
			files = (
			);
			inputPaths = (
				"$(SRCROOT)/Carthage/Build/iOS/NMSSH.framework",
			);
			outputPaths = (
			);
			runOnlyForDeploymentPostprocessing = 0;
			shellPath = /bin/sh;
			shellScript = "/usr/local/bin/carthage copy-frameworks";
		};
/* End PBXShellScriptBuildPhase section */

/* Begin PBXSourcesBuildPhase section */
		9F00013B1CE50732009529E2 /* Sources */ = {
			isa = PBXSourcesBuildPhase;
			buildActionMask = 2147483647;
			files = (
				9F0001451CE50733009529E2 /* ViewController.swift in Sources */,
				9F0001631CE5075D009529E2 /* FTPInterface.swift in Sources */,
				9F0001431CE50733009529E2 /* AppDelegate.swift in Sources */,
			);
			runOnlyForDeploymentPostprocessing = 0;
		};
		9F00014F1CE50733009529E2 /* Sources */ = {
			isa = PBXSourcesBuildPhase;
			buildActionMask = 2147483647;
			files = (
				9F0001581CE50733009529E2 /* BugTestTests.swift in Sources */,
			);
			runOnlyForDeploymentPostprocessing = 0;
		};
/* End PBXSourcesBuildPhase section */

/* Begin PBXTargetDependency section */
		9F0001551CE50733009529E2 /* PBXTargetDependency */ = {
			isa = PBXTargetDependency;
			target = 9F00013E1CE50732009529E2 /* BugTest */;
			targetProxy = 9F0001541CE50733009529E2 /* PBXContainerItemProxy */;
		};
/* End PBXTargetDependency section */

/* Begin PBXVariantGroup section */
		9F0001461CE50733009529E2 /* Main.storyboard */ = {
			isa = PBXVariantGroup;
			children = (
				9F0001471CE50733009529E2 /* Base */,
			);
			name = Main.storyboard;
			sourceTree = "<group>";
		};
		9F00014B1CE50733009529E2 /* LaunchScreen.storyboard */ = {
			isa = PBXVariantGroup;
			children = (
				9F00014C1CE50733009529E2 /* Base */,
			);
			name = LaunchScreen.storyboard;
			sourceTree = "<group>";
		};
/* End PBXVariantGroup section */

/* Begin XCBuildConfiguration section */
		9F00015A1CE50733009529E2 /* Debug */ = {
			isa = XCBuildConfiguration;
			buildSettings = {
				ALWAYS_SEARCH_USER_PATHS = NO;
				CLANG_ANALYZER_NONNULL = YES;
				CLANG_CXX_LANGUAGE_STANDARD = "gnu++0x";
				CLANG_CXX_LIBRARY = "libc++";
				CLANG_ENABLE_MODULES = YES;
				CLANG_ENABLE_OBJC_ARC = YES;
				CLANG_WARN_BOOL_CONVERSION = YES;
				CLANG_WARN_CONSTANT_CONVERSION = YES;
				CLANG_WARN_DIRECT_OBJC_ISA_USAGE = YES_ERROR;
				CLANG_WARN_EMPTY_BODY = YES;
				CLANG_WARN_ENUM_CONVERSION = YES;
				CLANG_WARN_INT_CONVERSION = YES;
				CLANG_WARN_OBJC_ROOT_CLASS = YES_ERROR;
				CLANG_WARN_UNREACHABLE_CODE = YES;
				CLANG_WARN__DUPLICATE_METHOD_MATCH = YES;
				"CODE_SIGN_IDENTITY[sdk=iphoneos*]" = "iPhone Developer";
				COPY_PHASE_STRIP = NO;
				DEBUG_INFORMATION_FORMAT = dwarf;
				ENABLE_STRICT_OBJC_MSGSEND = YES;
				ENABLE_TESTABILITY = YES;
				GCC_C_LANGUAGE_STANDARD = gnu99;
				GCC_DYNAMIC_NO_PIC = NO;
				GCC_NO_COMMON_BLOCKS = YES;
				GCC_OPTIMIZATION_LEVEL = 0;
				GCC_PREPROCESSOR_DEFINITIONS = (
					"DEBUG=1",
					"$(inherited)",
				);
				GCC_WARN_64_TO_32_BIT_CONVERSION = YES;
				GCC_WARN_ABOUT_RETURN_TYPE = YES_ERROR;
				GCC_WARN_UNDECLARED_SELECTOR = YES;
				GCC_WARN_UNINITIALIZED_AUTOS = YES_AGGRESSIVE;
				GCC_WARN_UNUSED_FUNCTION = YES;
				GCC_WARN_UNUSED_VARIABLE = YES;
				IPHONEOS_DEPLOYMENT_TARGET = 9.3;
				MTL_ENABLE_DEBUG_INFO = YES;
				ONLY_ACTIVE_ARCH = YES;
				SDKROOT = iphoneos;
				SWIFT_OPTIMIZATION_LEVEL = "-Onone";
				TARGETED_DEVICE_FAMILY = "1,2";
			};
			name = Debug;
		};
		9F00015B1CE50733009529E2 /* Release */ = {
			isa = XCBuildConfiguration;
			buildSettings = {
				ALWAYS_SEARCH_USER_PATHS = NO;
				CLANG_ANALYZER_NONNULL = YES;
				CLANG_CXX_LANGUAGE_STANDARD = "gnu++0x";
				CLANG_CXX_LIBRARY = "libc++";
				CLANG_ENABLE_MODULES = YES;
				CLANG_ENABLE_OBJC_ARC = YES;
				CLANG_WARN_BOOL_CONVERSION = YES;
				CLANG_WARN_CONSTANT_CONVERSION = YES;
				CLANG_WARN_DIRECT_OBJC_ISA_USAGE = YES_ERROR;
				CLANG_WARN_EMPTY_BODY = YES;
				CLANG_WARN_ENUM_CONVERSION = YES;
				CLANG_WARN_INT_CONVERSION = YES;
				CLANG_WARN_OBJC_ROOT_CLASS = YES_ERROR;
				CLANG_WARN_UNREACHABLE_CODE = YES;
				CLANG_WARN__DUPLICATE_METHOD_MATCH = YES;
				"CODE_SIGN_IDENTITY[sdk=iphoneos*]" = "iPhone Developer";
				COPY_PHASE_STRIP = NO;
				DEBUG_INFORMATION_FORMAT = "dwarf-with-dsym";
				ENABLE_NS_ASSERTIONS = NO;
				ENABLE_STRICT_OBJC_MSGSEND = YES;
				GCC_C_LANGUAGE_STANDARD = gnu99;
				GCC_NO_COMMON_BLOCKS = YES;
				GCC_WARN_64_TO_32_BIT_CONVERSION = YES;
				GCC_WARN_ABOUT_RETURN_TYPE = YES_ERROR;
				GCC_WARN_UNDECLARED_SELECTOR = YES;
				GCC_WARN_UNINITIALIZED_AUTOS = YES_AGGRESSIVE;
				GCC_WARN_UNUSED_FUNCTION = YES;
				GCC_WARN_UNUSED_VARIABLE = YES;
				IPHONEOS_DEPLOYMENT_TARGET = 9.3;
				MTL_ENABLE_DEBUG_INFO = NO;
				SDKROOT = iphoneos;
				TARGETED_DEVICE_FAMILY = "1,2";
				VALIDATE_PRODUCT = YES;
			};
			name = Release;
		};
		9F00015D1CE50733009529E2 /* Debug */ = {
			isa = XCBuildConfiguration;
			buildSettings = {
				ASSETCATALOG_COMPILER_APPICON_NAME = AppIcon;
				FRAMEWORK_SEARCH_PATHS = (
					"$(inherited)",
					"$(PROJECT_DIR)/Carthage/Build/iOS",
				);
				INFOPLIST_FILE = BugTest/Info.plist;
				LD_RUNPATH_SEARCH_PATHS = "$(inherited) @executable_path/Frameworks";
				PRODUCT_BUNDLE_IDENTIFIER = org.jeff.BugTest;
				PRODUCT_NAME = "$(TARGET_NAME)";
			};
			name = Debug;
		};
		9F00015E1CE50733009529E2 /* Release */ = {
			isa = XCBuildConfiguration;
			buildSettings = {
				ASSETCATALOG_COMPILER_APPICON_NAME = AppIcon;
				FRAMEWORK_SEARCH_PATHS = (
					"$(inherited)",
					"$(PROJECT_DIR)/Carthage/Build/iOS",
				);
				INFOPLIST_FILE = BugTest/Info.plist;
				LD_RUNPATH_SEARCH_PATHS = "$(inherited) @executable_path/Frameworks";
				PRODUCT_BUNDLE_IDENTIFIER = org.jeff.BugTest;
				PRODUCT_NAME = "$(TARGET_NAME)";
			};
			name = Release;
		};
		9F0001601CE50733009529E2 /* Debug */ = {
			isa = XCBuildConfiguration;
			buildSettings = {
				BUNDLE_LOADER = "$(TEST_HOST)";
				INFOPLIST_FILE = BugTestTests/Info.plist;
				LD_RUNPATH_SEARCH_PATHS = "$(inherited) @executable_path/Frameworks @loader_path/Frameworks";
				PRODUCT_BUNDLE_IDENTIFIER = org.jeff.BugTestTests;
				PRODUCT_NAME = "$(TARGET_NAME)";
				TEST_HOST = "$(BUILT_PRODUCTS_DIR)/BugTest.app/BugTest";
			};
			name = Debug;
		};
		9F0001611CE50733009529E2 /* Release */ = {
			isa = XCBuildConfiguration;
			buildSettings = {
				BUNDLE_LOADER = "$(TEST_HOST)";
				INFOPLIST_FILE = BugTestTests/Info.plist;
				LD_RUNPATH_SEARCH_PATHS = "$(inherited) @executable_path/Frameworks @loader_path/Frameworks";
				PRODUCT_BUNDLE_IDENTIFIER = org.jeff.BugTestTests;
				PRODUCT_NAME = "$(TARGET_NAME)";
				TEST_HOST = "$(BUILT_PRODUCTS_DIR)/BugTest.app/BugTest";
			};
			name = Release;
		};
/* End XCBuildConfiguration section */

/* Begin XCConfigurationList section */
		9F00013A1CE50732009529E2 /* Build configuration list for PBXProject "BugTest" */ = {
			isa = XCConfigurationList;
			buildConfigurations = (
				9F00015A1CE50733009529E2 /* Debug */,
				9F00015B1CE50733009529E2 /* Release */,
			);
			defaultConfigurationIsVisible = 0;
			defaultConfigurationName = Release;
		};
		9F00015C1CE50733009529E2 /* Build configuration list for PBXNativeTarget "BugTest" */ = {
			isa = XCConfigurationList;
			buildConfigurations = (
				9F00015D1CE50733009529E2 /* Debug */,
				9F00015E1CE50733009529E2 /* Release */,
			);
			defaultConfigurationIsVisible = 0;
		};
		9F00015F1CE50733009529E2 /* Build configuration list for PBXNativeTarget "BugTestTests" */ = {
			isa = XCConfigurationList;
			buildConfigurations = (
				9F0001601CE50733009529E2 /* Debug */,
				9F0001611CE50733009529E2 /* Release */,
			);
			defaultConfigurationIsVisible = 0;
		};
/* End XCConfigurationList section */
	};
	rootObject = 9F0001371CE50732009529E2 /* Project object */;
}
